{
  "lockfileVersion": 1,
  "workspaces": {
    "": {
      "name": "server",
      "dependencies": {
        "redis-process-worker": "^0.0.1009-beta",
      },
      "devDependencies": {
        "@types/bun": "latest",
      },
      "peerDependencies": {
        "typescript": "^5",
      },
    },
  },
  "packages": {
    "@redis/bloom": ["@redis/bloom@5.5.6", "", { "peerDependencies": { "@redis/client": "^5.5.6" } }, "sha512-bNR3mxkwtfuCxNOzfV8B3R5zA1LiN57EH6zK4jVBIgzMzliNuReZXBFGnXvsi80/SYohajn78YdpYI+XNpqL+A=="],

    "@redis/client": ["@redis/client@5.5.6", "", { "dependencies": { "cluster-key-slot": "1.1.2" } }, "sha512-M3Svdwt6oSfyfQdqEr0L2HOJH2vK7GgCFx1NfAQvpWAT4+ljoT1L5S5cKT3dA9NJrxrOPDkdoTPWJnIrGCOcmw=="],

    "@redis/json": ["@redis/json@5.5.6", "", { "peerDependencies": { "@redis/client": "^5.5.6" } }, "sha512-AIsoe3SsGQagqAmSQHaqxEinm5oCWr7zxPWL90kKaEdLJ+zw8KBznf2i9oK0WUFP5pFssSQUXqnscQKe2amfDQ=="],

    "@redis/search": ["@redis/search@5.5.6", "", { "peerDependencies": { "@redis/client": "^5.5.6" } }, "sha512-JSqasYqO0mVcHL7oxvbySRBBZYRYhFl3W7f0Da7BW8M/r0Z9wCiVrdjnN4/mKBpWZkoJT/iuisLUdPGhpKxBew=="],

    "@redis/time-series": ["@redis/time-series@5.5.6", "", { "peerDependencies": { "@redis/client": "^5.5.6" } }, "sha512-jkpcgq3NOI3TX7xEAJ3JgesJTxAx7k0m6lNxNsYdEM8KOl+xj7GaB/0CbLkoricZDmFSEAz7ClA1iK9XkGHf+Q=="],

    "@types/bun": ["@types/bun@1.2.16", "", { "dependencies": { "bun-types": "1.2.16" } }, "sha512-1aCZJ/6nSiViw339RsaNhkNoEloLaPzZhxMOYEa7OzRzO41IGg5n/7I43/ZIAW/c+Q6cT12Vf7fOZOoVIzb5BQ=="],

    "@types/node": ["@types/node@24.0.3", "", { "dependencies": { "undici-types": "~7.8.0" } }, "sha512-R4I/kzCYAdRLzfiCabn9hxWfbuHS573x+r0dJMkkzThEa7pbrcDWK+9zu3e7aBOouf+rQAciqPFMnxwr0aWgKg=="],

    "bun-types": ["bun-types@1.2.16", "", { "dependencies": { "@types/node": "*" } }, "sha512-ciXLrHV4PXax9vHvUrkvun9VPVGOVwbbbBF/Ev1cXz12lyEZMoJpIJABOfPcN9gDJRaiKF9MVbSygLg4NXu3/A=="],

    "cluster-key-slot": ["cluster-key-slot@1.1.2", "", {}, "sha512-RMr0FhtfXemyinomL4hrWcYJxmX6deFdCxpJzhDttxgO1+bcCnkk+9drydLVDmAMG7NE6aN/fl4F7ucU/90gAA=="],

    "redis": ["redis@5.5.6", "", { "dependencies": { "@redis/bloom": "5.5.6", "@redis/client": "5.5.6", "@redis/json": "5.5.6", "@redis/search": "5.5.6", "@redis/time-series": "5.5.6" } }, "sha512-hbpqBfcuhWHOS9YLNcXcJ4akNr7HFX61Dq3JuFZ9S7uU7C7kvnzuH2PDIXOP62A3eevvACoG8UacuXP3N07xdg=="],

    "redis-process-worker": ["redis-process-worker@0.0.1009-beta", "", { "peerDependencies": { "redis": "^5.5.6", "typescript": "^5" } }, "sha512-4bglVEaFo4KuJKNzBtI6D6+uVUbErddBKPAS33w2Hwrw/WxquRfJVNQw6FD2cId+AyCgXuI10yhNPlw9bxK9EA=="],

    "typescript": ["typescript@5.8.3", "", { "bin": { "tsc": "bin/tsc", "tsserver": "bin/tsserver" } }, "sha512-p1diW6TqL9L07nNxvRMM7hMMw4c5XOo/1ibL4aAIGmSAt9slTE1Xgw5KWuof2uTOvCg9BY7ZRi+GaF+7sfgPeQ=="],

    "undici-types": ["undici-types@7.8.0", "", {}, "sha512-9UJ2xGDvQ43tYyVMpuHlsgApydB8ZKfVYTsLDhXkFL/6gfkp+U8xTGdh8pMJv1SpZna0zxG1DwsKZsreLbXBxw=="],
  }
}
